
Microsoft Visual Studio Solution File, Format Version 11.00
# Visual Studio 2010
Project("{FAE04EC0-301F-11D3-BF4B-00C04F79EFBC}") = "Unity.ML-Agents", "Unity.ML-Agents.csproj", "{25DD6902-C8D2-3CC2-E91E-1F026680B7C9}"
EndProject
Project("{FAE04EC0-301F-11D3-BF4B-00C04F79EFBC}") = "Assembly-CSharp", "Assembly-CSharp.csproj", "{4AF5D187-16E3-5667-D634-CEE56A2FD0E0}"
EndProject
Project("{FAE04EC0-301F-11D3-BF4B-00C04F79EFBC}") = "Unity.ML-Agents.CommunicatorObjects", "Unity.ML-Agents.CommunicatorObjects.csproj", "{2047BD35-60CB-AC18-58DA-1A6BFEFB4DF7}"
EndProject
Project("{FAE04EC0-301F-11D3-BF4B-00C04F79EFBC}") = "Unity.ML-Agents.Extensions.Input", "Unity.ML-Agents.Extensions.Input.csproj", "{56926F0E-31FF-8F3B-23A2-67FD782A171F}"
EndProject
Project("{FAE04EC0-301F-11D3-BF4B-00C04F79EFBC}") = "Unity.ML-Agents.Extensions", "Unity.ML-Agents.Extensions.csproj", "{50C7ADD0-85DC-DA54-0EF3-1F8A15A4BA0D}"
EndProject
Project("{FAE04EC0-301F-11D3-BF4B-00C04F79EFBC}") = "Unity.ML-Agents.Editor", "Unity.ML-Agents.Editor.csproj", "{C85E9259-D29B-AB46-3251-729A4BF4BBB4}"
EndProject
Project("{FAE04EC0-301F-11D3-BF4B-00C04F79EFBC}") = "Unity.ML-Agents.Extensions.Editor", "Unity.ML-Agents.Extensions.Editor.csproj", "{C6BEDF6E-E494-A507-E50D-3348CACD7FA3}"
EndProject
Project("{FAE04EC0-301F-11D3-BF4B-00C04F79EFBC}") = "Unity.ML-Agents.Extensions.Editor.Input", "Unity.ML-Agents.Extensions.Editor.Input.csproj", "{4252849E-6000-3040-7B45-57BACE4AC5DF}"
EndProject
Global
	GlobalSection(SolutionConfigurationPlatforms) = preSolution
		Debug|Any CPU = Debug|Any CPU
		Release|Any CPU = Release|Any CPU
	EndGlobalSection
	GlobalSection(ProjectConfigurationPlatforms) = postSolution
		{25DD6902-C8D2-3CC2-E91E-1F026680B7C9}.Debug|Any CPU.ActiveCfg = Debug|Any CPU
		{25DD6902-C8D2-3CC2-E91E-1F026680B7C9}.Debug|Any CPU.Build.0 = Debug|Any CPU
		{25DD6902-C8D2-3CC2-E91E-1F026680B7C9}.Release|Any CPU.ActiveCfg = Release|Any CPU
		{25DD6902-C8D2-3CC2-E91E-1F026680B7C9}.Release|Any CPU.Build.0 = Release|Any CPU
		{4AF5D187-16E3-5667-D634-CEE56A2FD0E0}.Debug|Any CPU.ActiveCfg = Debug|Any CPU
		{4AF5D187-16E3-5667-D634-CEE56A2FD0E0}.Debug|Any CPU.Build.0 = Debug|Any CPU
		{4AF5D187-16E3-5667-D634-CEE56A2FD0E0}.Release|Any CPU.ActiveCfg = Release|Any CPU
		{4AF5D187-16E3-5667-D634-CEE56A2FD0E0}.Release|Any CPU.Build.0 = Release|Any CPU
		{2047BD35-60CB-AC18-58DA-1A6BFEFB4DF7}.Debug|Any CPU.ActiveCfg = Debug|Any CPU
		{2047BD35-60CB-AC18-58DA-1A6BFEFB4DF7}.Debug|Any CPU.Build.0 = Debug|Any CPU
		{2047BD35-60CB-AC18-58DA-1A6BFEFB4DF7}.Release|Any CPU.ActiveCfg = Release|Any CPU
		{2047BD35-60CB-AC18-58DA-1A6BFEFB4DF7}.Release|Any CPU.Build.0 = Release|Any CPU
		{56926F0E-31FF-8F3B-23A2-67FD782A171F}.Debug|Any CPU.ActiveCfg = Debug|Any CPU
		{56926F0E-31FF-8F3B-23A2-67FD782A171F}.Debug|Any CPU.Build.0 = Debug|Any CPU
		{56926F0E-31FF-8F3B-23A2-67FD782A171F}.Release|Any CPU.ActiveCfg = Release|Any CPU
		{56926F0E-31FF-8F3B-23A2-67FD782A171F}.Release|Any CPU.Build.0 = Release|Any CPU
		{50C7ADD0-85DC-DA54-0EF3-1F8A15A4BA0D}.Debug|Any CPU.ActiveCfg = Debug|Any CPU
		{50C7ADD0-85DC-DA54-0EF3-1F8A15A4BA0D}.Debug|Any CPU.Build.0 = Debug|Any CPU
		{50C7ADD0-85DC-DA54-0EF3-1F8A15A4BA0D}.Release|Any CPU.ActiveCfg = Release|Any CPU
		{50C7ADD0-85DC-DA54-0EF3-1F8A15A4BA0D}.Release|Any CPU.Build.0 = Release|Any CPU
		{C85E9259-D29B-AB46-3251-729A4BF4BBB4}.Debug|Any CPU.ActiveCfg = Debug|Any CPU
		{C85E9259-D29B-AB46-3251-729A4BF4BBB4}.Debug|Any CPU.Build.0 = Debug|Any CPU
		{C85E9259-D29B-AB46-3251-729A4BF4BBB4}.Release|Any CPU.ActiveCfg = Release|Any CPU
		{C85E9259-D29B-AB46-3251-729A4BF4BBB4}.Release|Any CPU.Build.0 = Release|Any CPU
		{C6BEDF6E-E494-A507-E50D-3348CACD7FA3}.Debug|Any CPU.ActiveCfg = Debug|Any CPU
		{C6BEDF6E-E494-A507-E50D-3348CACD7FA3}.Debug|Any CPU.Build.0 = Debug|Any CPU
		{C6BEDF6E-E494-A507-E50D-3348CACD7FA3}.Release|Any CPU.ActiveCfg = Release|Any CPU
		{C6BEDF6E-E494-A507-E50D-3348CACD7FA3}.Release|Any CPU.Build.0 = Release|Any CPU
		{4252849E-6000-3040-7B45-57BACE4AC5DF}.Debug|Any CPU.ActiveCfg = Debug|Any CPU
		{4252849E-6000-3040-7B45-57BACE4AC5DF}.Debug|Any CPU.Build.0 = Debug|Any CPU
		{4252849E-6000-3040-7B45-57BACE4AC5DF}.Release|Any CPU.ActiveCfg = Release|Any CPU
		{4252849E-6000-3040-7B45-57BACE4AC5DF}.Release|Any CPU.Build.0 = Release|Any CPU
	EndGlobalSection
	GlobalSection(SolutionProperties) = preSolution
		HideSolutionNode = FALSE
	EndGlobalSection
EndGlobal
